// !$*UTF8*$!
{
	archiveVersion = 1;
	classes = {
	};
	objectVersion = 55;
	objects = {

/* Begin PBXBuildFile section */
		B601833A27BC2005007FD558 /* AppDelegate.swift in Sources */ = {isa = PBXBuildFile; fileRef = B601833927BC2005007FD558 /* AppDelegate.swift */; };
		B601833C27BC2005007FD558 /* SceneDelegate.swift in Sources */ = {isa = PBXBuildFile; fileRef = B601833B27BC2005007FD558 /* SceneDelegate.swift */; };
		B601833E27BC2005007FD558 /* ViewController.swift in Sources */ = {isa = PBXBuildFile; fileRef = B601833D27BC2005007FD558 /* ViewController.swift */; };
		B601834127BC2005007FD558 /* Main.storyboard in Resources */ = {isa = PBXBuildFile; fileRef = B601833F27BC2005007FD558 /* Main.storyboard */; };
		B601834327BC2008007FD558 /* Assets.xcassets in Resources */ = {isa = PBXBuildFile; fileRef = B601834227BC2008007FD558 /* Assets.xcassets */; };
		B601834627BC2008007FD558 /* LaunchScreen.storyboard in Resources */ = {isa = PBXBuildFile; fileRef = B601834427BC2008007FD558 /* LaunchScreen.storyboard */; };
		B601835127BC2008007FD558 /* DiscountApplicationTests.swift in Sources */ = {isa = PBXBuildFile; fileRef = B601835027BC2008007FD558 /* DiscountApplicationTests.swift */; };
		B601835B27BC2008007FD558 /* DiscountApplicationUITests.swift in Sources */ = {isa = PBXBuildFile; fileRef = B601835A27BC2008007FD558 /* DiscountApplicationUITests.swift */; };
		B601835D27BC2008007FD558 /* DiscountApplicationUITestsLaunchTests.swift in Sources */ = {isa = PBXBuildFile; fileRef = B601835C27BC2008007FD558 /* DiscountApplicationUITestsLaunchTests.swift */; };
/* End PBXBuildFile section */

/* Begin PBXContainerItemProxy section */
		B601834D27BC2008007FD558 /* PBXContainerItemProxy */ = {
			isa = PBXContainerItemProxy;
			containerPortal = B601832E27BC2005007FD558 /* Project object */;
			proxyType = 1;
			remoteGlobalIDString = B601833527BC2005007FD558;
			remoteInfo = DiscountApplication;
		};
		B601835727BC2008007FD558 /* PBXContainerItemProxy */ = {
			isa = PBXContainerItemProxy;
			containerPortal = B601832E27BC2005007FD558 /* Project object */;
			proxyType = 1;
			remoteGlobalIDString = B601833527BC2005007FD558;
			remoteInfo = DiscountApplication;
		};
/* End PBXContainerItemProxy section */

/* Begin PBXFileReference section */
		B601833627BC2005007FD558 /* DiscountApplication.app */ = {isa = PBXFileReference; explicitFileType = wrapper.application; includeInIndex = 0; path = DiscountApplication.app; sourceTree = BUILT_PRODUCTS_DIR; };
		B601833927BC2005007FD558 /* AppDelegate.swift */ = {isa = PBXFileReference; lastKnownFileType = sourcecode.swift; path = AppDelegate.swift; sourceTree = "<group>"; };
		B601833B27BC2005007FD558 /* SceneDelegate.swift */ = {isa = PBXFileReference; lastKnownFileType = sourcecode.swift; path = SceneDelegate.swift; sourceTree = "<group>"; };
		B601833D27BC2005007FD558 /* ViewController.swift */ = {isa = PBXFileReference; lastKnownFileType = sourcecode.swift; path = ViewController.swift; sourceTree = "<group>"; };
		B601834027BC2005007FD558 /* Base */ = {isa = PBXFileReference; lastKnownFileType = file.storyboard; name = Base; path = Base.lproj/Main.storyboard; sourceTree = "<group>"; };
		B601834227BC2008007FD558 /* Assets.xcassets */ = {isa = PBXFileReference; lastKnownFileType = folder.assetcatalog; path = Assets.xcassets; sourceTree = "<group>"; };
		B601834527BC2008007FD558 /* Base */ = {isa = PBXFileReference; lastKnownFileType = file.storyboard; name = Base; path = Base.lproj/LaunchScreen.storyboard; sourceTree = "<group>"; };
		B601834727BC2008007FD558 /* Info.plist */ = {isa = PBXFileReference; lastKnownFileType = text.plist.xml; path = Info.plist; sourceTree = "<group>"; };
		B601834C27BC2008007FD558 /* DiscountApplicationTests.xctest */ = {isa = PBXFileReference; explicitFileType = wrapper.cfbundle; includeInIndex = 0; path = DiscountApplicationTests.xctest; sourceTree = BUILT_PRODUCTS_DIR; };
		B601835027BC2008007FD558 /* DiscountApplicationTests.swift */ = {isa = PBXFileReference; lastKnownFileType = sourcecode.swift; path = DiscountApplicationTests.swift; sourceTree = "<group>"; };
		B601835627BC2008007FD558 /* DiscountApplicationUITests.xctest */ = {isa = PBXFileReference; explicitFileType = wrapper.cfbundle; includeInIndex = 0; path = DiscountApplicationUITests.xctest; sourceTree = BUILT_PRODUCTS_DIR; };
		B601835A27BC2008007FD558 /* DiscountApplicationUITests.swift */ = {isa = PBXFileReference; lastKnownFileType = sourcecode.swift; path = DiscountApplicationUITests.swift; sourceTree = "<group>"; };
		B601835C27BC2008007FD558 /* DiscountApplicationUITestsLaunchTests.swift */ = {isa = PBXFileReference; lastKnownFileType = sourcecode.swift; path = DiscountApplicationUITestsLaunchTests.swift; sourceTree = "<group>"; };
/* End PBXFileReference section */

/* Begin PBXFrameworksBuildPhase section */
		B601833327BC2005007FD558 /* Frameworks */ = {
			isa = PBXFrameworksBuildPhase;
			buildActionMask = 2147483647;
			files = (
			);
			runOnlyForDeploymentPostprocessing = 0;
		};
		B601834927BC2008007FD558 /* Frameworks */ = {
			isa = PBXFrameworksBuildPhase;
			buildActionMask = 2147483647;
			files = (
			);
			runOnlyForDeploymentPostprocessing = 0;
		};
		B601835327BC2008007FD558 /* Frameworks */ = {
			isa = PBXFrameworksBuildPhase;
			buildActionMask = 2147483647;
			files = (
			);
			runOnlyForDeploymentPostprocessing = 0;
		};
/* End PBXFrameworksBuildPhase section */

/* Begin PBXGroup section */
		B601832D27BC2005007FD558 = {
			isa = PBXGroup;
			children = (
				B601833827BC2005007FD558 /* DiscountApplication */,
				B601834F27BC2008007FD558 /* DiscountApplicationTests */,
				B601835927BC2008007FD558 /* DiscountApplicationUITests */,
				B601833727BC2005007FD558 /* Products */,
			);
			sourceTree = "<group>";
		};
		B601833727BC2005007FD558 /* Products */ = {
			isa = PBXGroup;
			children = (
				B601833627BC2005007FD558 /* DiscountApplication.app */,
				B601834C27BC2008007FD558 /* DiscountApplicationTests.xctest */,
				B601835627BC2008007FD558 /* DiscountApplicationUITests.xctest */,
			);
			name = Products;
			sourceTree = "<group>";
		};
		B601833827BC2005007FD558 /* DiscountApplication */ = {
			isa = PBXGroup;
			children = (
				B601833927BC2005007FD558 /* AppDelegate.swift */,
				B601833B27BC2005007FD558 /* SceneDelegate.swift */,
				B601833D27BC2005007FD558 /* ViewController.swift */,
				B601833F27BC2005007FD558 /* Main.storyboard */,
				B601834227BC2008007FD558 /* Assets.xcassets */,
				B601834427BC2008007FD558 /* LaunchScreen.storyboard */,
				B601834727BC2008007FD558 /* Info.plist */,
			);
			path = DiscountApplication;
			sourceTree = "<group>";
		};
		B601834F27BC2008007FD558 /* DiscountApplicationTests */ = {
			isa = PBXGroup;
			children = (
				B601835027BC2008007FD558 /* DiscountApplicationTests.swift */,
			);
			path = DiscountApplicationTests;
			sourceTree = "<group>";
		};
		B601835927BC2008007FD558 /* DiscountApplicationUITests */ = {
			isa = PBXGroup;
			children = (
				B601835A27BC2008007FD558 /* DiscountApplicationUITests.swift */,
				B601835C27BC2008007FD558 /* DiscountApplicationUITestsLaunchTests.swift */,
			);
			path = DiscountApplicationUITests;
			sourceTree = "<group>";
		};
/* End PBXGroup section */

/* Begin PBXNativeTarget section */
		B601833527BC2005007FD558 /* DiscountApplication */ = {
			isa = PBXNativeTarget;
			buildConfigurationList = B601836027BC2008007FD558 /* Build configuration list for PBXNativeTarget "DiscountApplication" */;
			buildPhases = (
				B601833227BC2005007FD558 /* Sources */,
				B601833327BC2005007FD558 /* Frameworks */,
				B601833427BC2005007FD558 /* Resources */,
			);
			buildRules = (
			);
			dependencies = (
			);
			name = DiscountApplication;
			productName = DiscountApplication;
			productReference = B601833627BC2005007FD558 /* DiscountApplication.app */;
			productType = "com.apple.product-type.application";
		};
		B601834B27BC2008007FD558 /* DiscountApplicationTests */ = {
			isa = PBXNativeTarget;
			buildConfigurationList = B601836327BC2008007FD558 /* Build configuration list for PBXNativeTarget "DiscountApplicationTests" */;
			buildPhases = (
				B601834827BC2008007FD558 /* Sources */,
				B601834927BC2008007FD558 /* Frameworks */,
				B601834A27BC2008007FD558 /* Resources */,
			);
			buildRules = (
			);
			dependencies = (
				B601834E27BC2008007FD558 /* PBXTargetDependency */,
			);
			name = DiscountApplicationTests;
			productName = DiscountApplicationTests;
			productReference = B601834C27BC2008007FD558 /* DiscountApplicationTests.xctest */;
			productType = "com.apple.product-type.bundle.unit-test";
		};
		B601835527BC2008007FD558 /* DiscountApplicationUITests */ = {
			isa = PBXNativeTarget;
			buildConfigurationList = B601836627BC2008007FD558 /* Build configuration list for PBXNativeTarget "DiscountApplicationUITests" */;
			buildPhases = (
				B601835227BC2008007FD558 /* Sources */,
				B601835327BC2008007FD558 /* Frameworks */,
				B601835427BC2008007FD558 /* Resources */,
			);
			buildRules = (
			);
			dependencies = (
				B601835827BC2008007FD558 /* PBXTargetDependency */,
			);
			name = DiscountApplicationUITests;
			productName = DiscountApplicationUITests;
			productReference = B601835627BC2008007FD558 /* DiscountApplicationUITests.xctest */;
			productType = "com.apple.product-type.bundle.ui-testing";
		};
/* End PBXNativeTarget section */

/* Begin PBXProject section */
		B601832E27BC2005007FD558 /* Project object */ = {
			isa = PBXProject;
			attributes = {
				BuildIndependentTargetsInParallel = 1;
				LastSwiftUpdateCheck = 1320;
				LastUpgradeCheck = 1320;
				TargetAttributes = {
					B601833527BC2005007FD558 = {
						CreatedOnToolsVersion = 13.2.1;
					};
					B601834B27BC2008007FD558 = {
						CreatedOnToolsVersion = 13.2.1;
						TestTargetID = B601833527BC2005007FD558;
					};
					B601835527BC2008007FD558 = {
						CreatedOnToolsVersion = 13.2.1;
						TestTargetID = B601833527BC2005007FD558;
					};
				};
			};
			buildConfigurationList = B601833127BC2005007FD558 /* Build configuration list for PBXProject "DiscountApplication" */;
			compatibilityVersion = "Xcode 13.0";
			developmentRegion = en;
			hasScannedForEncodings = 0;
			knownRegions = (
				en,
				Base,
			);
			mainGroup = B601832D27BC2005007FD558;
			productRefGroup = B601833727BC2005007FD558 /* Products */;
			projectDirPath = "";
			projectRoot = "";
			targets = (
				B601833527BC2005007FD558 /* DiscountApplication */,
				B601834B27BC2008007FD558 /* DiscountApplicationTests */,
				B601835527BC2008007FD558 /* DiscountApplicationUITests */,
			);
		};
/* End PBXProject section */

/* Begin PBXResourcesBuildPhase section */
		B601833427BC2005007FD558 /* Resources */ = {
			isa = PBXResourcesBuildPhase;
			buildActionMask = 2147483647;
			files = (
				B601834627BC2008007FD558 /* LaunchScreen.storyboard in Resources */,
				B601834327BC2008007FD558 /* Assets.xcassets in Resources */,
				B601834127BC2005007FD558 /* Main.storyboard in Resources */,
			);
			runOnlyForDeploymentPostprocessing = 0;
		};
		B601834A27BC2008007FD558 /* Resources */ = {
			isa = PBXResourcesBuildPhase;
			buildActionMask = 2147483647;
			files = (
			);
			runOnlyForDeploymentPostprocessing = 0;
		};
		B601835427BC2008007FD558 /* Resources */ = {
			isa = PBXResourcesBuildPhase;
			buildActionMask = 2147483647;
			files = (
			);
			runOnlyForDeploymentPostprocessing = 0;
		};
/* End PBXResourcesBuildPhase section */

/* Begin PBXSourcesBuildPhase section */
		B601833227BC2005007FD558 /* Sources */ = {
			isa = PBXSourcesBuildPhase;
			buildActionMask = 2147483647;
			files = (
				B601833E27BC2005007FD558 /* ViewController.swift in Sources */,
				B601833A27BC2005007FD558 /* AppDelegate.swift in Sources */,
				B601833C27BC2005007FD558 /* SceneDelegate.swift in Sources */,
			);
			runOnlyForDeploymentPostprocessing = 0;
		};
		B601834827BC2008007FD558 /* Sources */ = {
			isa = PBXSourcesBuildPhase;
			buildActionMask = 2147483647;
			files = (
				B601835127BC2008007FD558 /* DiscountApplicationTests.swift in Sources */,
			);
			runOnlyForDeploymentPostprocessing = 0;
		};
		B601835227BC2008007FD558 /* Sources */ = {
			isa = PBXSourcesBuildPhase;
			buildActionMask = 2147483647;
			files = (
				B601835D27BC2008007FD558 /* DiscountApplicationUITestsLaunchTests.swift in Sources */,
				B601835B27BC2008007FD558 /* DiscountApplicationUITests.swift in Sources */,
			);
			runOnlyForDeploymentPostprocessing = 0;
		};
/* End PBXSourcesBuildPhase section */

/* Begin PBXTargetDependency section */
		B601834E27BC2008007FD558 /* PBXTargetDependency */ = {
			isa = PBXTargetDependency;
			target = B601833527BC2005007FD558 /* DiscountApplication */;
			targetProxy = B601834D27BC2008007FD558 /* PBXContainerItemProxy */;
		};
		B601835827BC2008007FD558 /* PBXTargetDependency */ = {
			isa = PBXTargetDependency;
			target = B601833527BC2005007FD558 /* DiscountApplication */;
			targetProxy = B601835727BC2008007FD558 /* PBXContainerItemProxy */;
		};
/* End PBXTargetDependency section */

/* Begin PBXVariantGroup section */
		B601833F27BC2005007FD558 /* Main.storyboard */ = {
			isa = PBXVariantGroup;
			children = (
				B601834027BC2005007FD558 /* Base */,
			);
			name = Main.storyboard;
			sourceTree = "<group>";
		};
		B601834427BC2008007FD558 /* LaunchScreen.storyboard */ = {
			isa = PBXVariantGroup;
			children = (
				B601834527BC2008007FD558 /* Base */,
			);
			name = LaunchScreen.storyboard;
			sourceTree = "<group>";
		};
/* End PBXVariantGroup section */

/* Begin XCBuildConfiguration section */
		B601835E27BC2008007FD558 /* Debug */ = {
			isa = XCBuildConfiguration;
			buildSettings = {
				ALWAYS_SEARCH_USER_PATHS = NO;
				CLANG_ANALYZER_NONNULL = YES;
				CLANG_ANALYZER_NUMBER_OBJECT_CONVERSION = YES_AGGRESSIVE;
				CLANG_CXX_LANGUAGE_STANDARD = "gnu++17";
				CLANG_CXX_LIBRARY = "libc++";
				CLANG_ENABLE_MODULES = YES;
				CLANG_ENABLE_OBJC_ARC = YES;
				CLANG_ENABLE_OBJC_WEAK = YES;
				CLANG_WARN_BLOCK_CAPTURE_AUTORELEASING = YES;
				CLANG_WARN_BOOL_CONVERSION = YES;
				CLANG_WARN_COMMA = YES;
				CLANG_WARN_CONSTANT_CONVERSION = YES;
				CLANG_WARN_DEPRECATED_OBJC_IMPLEMENTATIONS = YES;
				CLANG_WARN_DIRECT_OBJC_ISA_USAGE = YES_ERROR;
				CLANG_WARN_DOCUMENTATION_COMMENTS = YES;
				CLANG_WARN_EMPTY_BODY = YES;
				CLANG_WARN_ENUM_CONVERSION = YES;
				CLANG_WARN_INFINITE_RECURSION = YES;
				CLANG_WARN_INT_CONVERSION = YES;
				CLANG_WARN_NON_LITERAL_NULL_CONVERSION = YES;
				CLANG_WARN_OBJC_IMPLICIT_RETAIN_SELF = YES;
				CLANG_WARN_OBJC_LITERAL_CONVERSION = YES;
				CLANG_WARN_OBJC_ROOT_CLASS = YES_ERROR;
				CLANG_WARN_QUOTED_INCLUDE_IN_FRAMEWORK_HEADER = YES;
				CLANG_WARN_RANGE_LOOP_ANALYSIS = YES;
				CLANG_WARN_STRICT_PROTOTYPES = YES;
				CLANG_WARN_SUSPICIOUS_MOVE = YES;
				CLANG_WARN_UNGUARDED_AVAILABILITY = YES_AGGRESSIVE;
				CLANG_WARN_UNREACHABLE_CODE = YES;
				CLANG_WARN__DUPLICATE_METHOD_MATCH = YES;
				COPY_PHASE_STRIP = NO;
				DEBUG_INFORMATION_FORMAT = dwarf;
				ENABLE_STRICT_OBJC_MSGSEND = YES;
				ENABLE_TESTABILITY = YES;
				GCC_C_LANGUAGE_STANDARD = gnu11;
				GCC_DYNAMIC_NO_PIC = NO;
				GCC_NO_COMMON_BLOCKS = YES;
				GCC_OPTIMIZATION_LEVEL = 0;
				GCC_PREPROCESSOR_DEFINITIONS = (
					"DEBUG=1",
					"$(inherited)",
				);
				GCC_WARN_64_TO_32_BIT_CONVERSION = YES;
				GCC_WARN_ABOUT_RETURN_TYPE = YES_ERROR;
				GCC_WARN_UNDECLARED_SELECTOR = YES;
				GCC_WARN_UNINITIALIZED_AUTOS = YES_AGGRESSIVE;
				GCC_WARN_UNUSED_FUNCTION = YES;
				GCC_WARN_UNUSED_VARIABLE = YES;
				IPHONEOS_DEPLOYMENT_TARGET = 15.2;
				MTL_ENABLE_DEBUG_INFO = INCLUDE_SOURCE;
				MTL_FAST_MATH = YES;
				ONLY_ACTIVE_ARCH = YES;
				SDKROOT = iphoneos;
				SWIFT_ACTIVE_COMPILATION_CONDITIONS = DEBUG;
				SWIFT_OPTIMIZATION_LEVEL = "-Onone";
			};
			name = Debug;
		};
		B601835F27BC2008007FD558 /* Release */ = {
			isa = XCBuildConfiguration;
			buildSettings = {
				ALWAYS_SEARCH_USER_PATHS = NO;
				CLANG_ANALYZER_NONNULL = YES;
				CLANG_ANALYZER_NUMBER_OBJECT_CONVERSION = YES_AGGRESSIVE;
				CLANG_CXX_LANGUAGE_STANDARD = "gnu++17";
				CLANG_CXX_LIBRARY = "libc++";
				CLANG_ENABLE_MODULES = YES;
				CLANG_ENABLE_OBJC_ARC = YES;
				CLANG_ENABLE_OBJC_WEAK = YES;
				CLANG_WARN_BLOCK_CAPTURE_AUTORELEASING = YES;
				CLANG_WARN_BOOL_CONVERSION = YES;
				CLANG_WARN_COMMA = YES;
				CLANG_WARN_CONSTANT_CONVERSION = YES;
				CLANG_WARN_DEPRECATED_OBJC_IMPLEMENTATIONS = YES;
				CLANG_WARN_DIRECT_OBJC_ISA_USAGE = YES_ERROR;
				CLANG_WARN_DOCUMENTATION_COMMENTS = YES;
				CLANG_WARN_EMPTY_BODY = YES;
				CLANG_WARN_ENUM_CONVERSION = YES;
				CLANG_WARN_INFINITE_RECURSION = YES;
				CLANG_WARN_INT_CONVERSION = YES;
				CLANG_WARN_NON_LITERAL_NULL_CONVERSION = YES;
				CLANG_WARN_OBJC_IMPLICIT_RETAIN_SELF = YES;
				CLANG_WARN_OBJC_LITERAL_CONVERSION = YES;
				CLANG_WARN_OBJC_ROOT_CLASS = YES_ERROR;
				CLANG_WARN_QUOTED_INCLUDE_IN_FRAMEWORK_HEADER = YES;
				CLANG_WARN_RANGE_LOOP_ANALYSIS = YES;
				CLANG_WARN_STRICT_PROTOTYPES = YES;
				CLANG_WARN_SUSPICIOUS_MOVE = YES;
				CLANG_WARN_UNGUARDED_AVAILABILITY = YES_AGGRESSIVE;
				CLANG_WARN_UNREACHABLE_CODE = YES;
				CLANG_WARN__DUPLICATE_METHOD_MATCH = YES;
				COPY_PHASE_STRIP = NO;
				DEBUG_INFORMATION_FORMAT = "dwarf-with-dsym";
				ENABLE_NS_ASSERTIONS = NO;
				ENABLE_STRICT_OBJC_MSGSEND = YES;
				GCC_C_LANGUAGE_STANDARD = gnu11;
				GCC_NO_COMMON_BLOCKS = YES;
				GCC_WARN_64_TO_32_BIT_CONVERSION = YES;
				GCC_WARN_ABOUT_RETURN_TYPE = YES_ERROR;
				GCC_WARN_UNDECLARED_SELECTOR = YES;
				GCC_WARN_UNINITIALIZED_AUTOS = YES_AGGRESSIVE;
				GCC_WARN_UNUSED_FUNCTION = YES;
				GCC_WARN_UNUSED_VARIABLE = YES;
				IPHONEOS_DEPLOYMENT_TARGET = 15.2;
				MTL_ENABLE_DEBUG_INFO = NO;
				MTL_FAST_MATH = YES;
				SDKROOT = iphoneos;
				SWIFT_COMPILATION_MODE = wholemodule;
				SWIFT_OPTIMIZATION_LEVEL = "-O";
				VALIDATE_PRODUCT = YES;
			};
			name = Release;
		};
		B601836127BC2008007FD558 /* Debug */ = {
			isa = XCBuildConfiguration;
			buildSettings = {
				ASSETCATALOG_COMPILER_APPICON_NAME = AppIcon;
				ASSETCATALOG_COMPILER_GLOBAL_ACCENT_COLOR_NAME = AccentColor;
				CODE_SIGN_STYLE = Automatic;
				CURRENT_PROJECT_VERSION = 1;
				GENERATE_INFOPLIST_FILE = YES;
				INFOPLIST_FILE = DiscountApplication/Info.plist;
				INFOPLIST_KEY_CFBundleDisplayName = DiscountApplication;
				INFOPLIST_KEY_UIApplicationSupportsIndirectInputEvents = YES;
				INFOPLIST_KEY_UILaunchStoryboardName = LaunchScreen;
				INFOPLIST_KEY_UIMainStoryboardFile = Main;
				INFOPLIST_KEY_UISupportedInterfaceOrientations_iPad = "UIInterfaceOrientationPortrait UIInterfaceOrientationPortraitUpsideDown UIInterfaceOrientationLandscapeLeft UIInterfaceOrientationLandscapeRight";
				INFOPLIST_KEY_UISupportedInterfaceOrientations_iPhone = "UIInterfaceOrientationPortrait UIInterfaceOrientationLandscapeLeft UIInterfaceOrientationLandscapeRight";
				LD_RUNPATH_SEARCH_PATHS = (
					"$(inherited)",
					"@executable_path/Frameworks",
				);
				MARKETING_VERSION = 1.0;
				PRODUCT_BUNDLE_IDENTIFIER = nwmsu..DiscountApplication;
				PRODUCT_NAME = "$(TARGET_NAME)";
				SWIFT_EMIT_LOC_STRINGS = YES;
				SWIFT_VERSION = 5.0;
				TARGETED_DEVICE_FAMILY = "1,2";
			};
			name = Debug;
		};
		B601836227BC2008007FD558 /* Release */ = {
			isa = XCBuildConfiguration;
			buildSettings = {
				ASSETCATALOG_COMPILER_APPICON_NAME = AppIcon;
				ASSETCATALOG_COMPILER_GLOBAL_ACCENT_COLOR_NAME = AccentColor;
				CODE_SIGN_STYLE = Automatic;
				CURRENT_PROJECT_VERSION = 1;
				GENERATE_INFOPLIST_FILE = YES;
				INFOPLIST_FILE = DiscountApplication/Info.plist;
				INFOPLIST_KEY_CFBundleDisplayName = DiscountApplication;
				INFOPLIST_KEY_UIApplicationSupportsIndirectInputEvents = YES;
				INFOPLIST_KEY_UILaunchStoryboardName = LaunchScreen;
				INFOPLIST_KEY_UIMainStoryboardFile = Main;
				INFOPLIST_KEY_UISupportedInterfaceOrientations_iPad = "UIInterfaceOrientationPortrait UIInterfaceOrientationPortraitUpsideDown UIInterfaceOrientationLandscapeLeft UIInterfaceOrientationLandscapeRight";
				INFOPLIST_KEY_UISupportedInterfaceOrientations_iPhone = "UIInterfaceOrientationPortrait UIInterfaceOrientationLandscapeLeft UIInterfaceOrientationLandscapeRight";
				LD_RUNPATH_SEARCH_PATHS = (
					"$(inherited)",
					"@executable_path/Frameworks",
				);
				MARKETING_VERSION = 1.0;
				PRODUCT_BUNDLE_IDENTIFIER = nwmsu..DiscountApplication;
				PRODUCT_NAME = "$(TARGET_NAME)";
				SWIFT_EMIT_LOC_STRINGS = YES;
				SWIFT_VERSION = 5.0;
				TARGETED_DEVICE_FAMILY = "1,2";
			};
			name = Release;
		};
		B601836427BC2008007FD558 /* Debug */ = {
			isa = XCBuildConfiguration;
			buildSettings = {
				ALWAYS_EMBED_SWIFT_STANDARD_LIBRARIES = YES;
				BUNDLE_LOADER = "$(TEST_HOST)";
				CODE_SIGN_STYLE = Automatic;
				CURRENT_PROJECT_VERSION = 1;
				GENERATE_INFOPLIST_FILE = YES;
				IPHONEOS_DEPLOYMENT_TARGET = 15.2;
				MARKETING_VERSION = 1.0;
				PRODUCT_BUNDLE_IDENTIFIER = nwmsu..DiscountApplicationTests;
				PRODUCT_NAME = "$(TARGET_NAME)";
				SWIFT_EMIT_LOC_STRINGS = NO;
				SWIFT_VERSION = 5.0;
				TARGETED_DEVICE_FAMILY = "1,2";
				TEST_HOST = "$(BUILT_PRODUCTS_DIR)/DiscountApplication.app/DiscountApplication";
			};
			name = Debug;
		};
		B601836527BC2008007FD558 /* Release */ = {
			isa = XCBuildConfiguration;
			buildSettings = {
				ALWAYS_EMBED_SWIFT_STANDARD_LIBRARIES = YES;
				BUNDLE_LOADER = "$(TEST_HOST)";
				CODE_SIGN_STYLE = Automatic;
				CURRENT_PROJECT_VERSION = 1;
				GENERATE_INFOPLIST_FILE = YES;
				IPHONEOS_DEPLOYMENT_TARGET = 15.2;
				MARKETING_VERSION = 1.0;
				PRODUCT_BUNDLE_IDENTIFIER = nwmsu..DiscountApplicationTests;
				PRODUCT_NAME = "$(TARGET_NAME)";
				SWIFT_EMIT_LOC_STRINGS = NO;
				SWIFT_VERSION = 5.0;
				TARGETED_DEVICE_FAMILY = "1,2";
				TEST_HOST = "$(BUILT_PRODUCTS_DIR)/DiscountApplication.app/DiscountApplication";
			};
			name = Release;
		};
		B601836727BC2008007FD558 /* Debug */ = {
			isa = XCBuildConfiguration;
			buildSettings = {
				ALWAYS_EMBED_SWIFT_STANDARD_LIBRARIES = YES;
				CODE_SIGN_STYLE = Automatic;
				CURRENT_PROJECT_VERSION = 1;
				GENERATE_INFOPLIST_FILE = YES;
				MARKETING_VERSION = 1.0;
				PRODUCT_BUNDLE_IDENTIFIER = nwmsu..DiscountApplicationUITests;
				PRODUCT_NAME = "$(TARGET_NAME)";
				SWIFT_EMIT_LOC_STRINGS = NO;
				SWIFT_VERSION = 5.0;
				TARGETED_DEVICE_FAMILY = "1,2";
				TEST_TARGET_NAME = DiscountApplication;
			};
			name = Debug;
		};
		B601836827BC2008007FD558 /* Release */ = {
			isa = XCBuildConfiguration;
			buildSettings = {
				ALWAYS_EMBED_SWIFT_STANDARD_LIBRARIES = YES;
				CODE_SIGN_STYLE = Automatic;
				CURRENT_PROJECT_VERSION = 1;
				GENERATE_INFOPLIST_FILE = YES;
				MARKETING_VERSION = 1.0;
				PRODUCT_BUNDLE_IDENTIFIER = nwmsu..DiscountApplicationUITests;
				PRODUCT_NAME = "$(TARGET_NAME)";
				SWIFT_EMIT_LOC_STRINGS = NO;
				SWIFT_VERSION = 5.0;
				TARGETED_DEVICE_FAMILY = "1,2";
				TEST_TARGET_NAME = DiscountApplication;
			};
			name = Release;
		};
/* End XCBuildConfiguration section */

/* Begin XCConfigurationList section */
		B601833127BC2005007FD558 /* Build configuration list for PBXProject "DiscountApplication" */ = {
			isa = XCConfigurationList;
			buildConfigurations = (
				B601835E27BC2008007FD558 /* Debug */,
				B601835F27BC2008007FD558 /* Release */,
			);
			defaultConfigurationIsVisible = 0;
			defaultConfigurationName = Release;
		};
		B601836027BC2008007FD558 /* Build configuration list for PBXNativeTarget "DiscountApplication" */ = {
			isa = XCConfigurationList;
			buildConfigurations = (
				B601836127BC2008007FD558 /* Debug */,
				B601836227BC2008007FD558 /* Release */,
			);
			defaultConfigurationIsVisible = 0;
			defaultConfigurationName = Release;
		};
		B601836327BC2008007FD558 /* Build configuration list for PBXNativeTarget "DiscountApplicationTests" */ = {
			isa = XCConfigurationList;
			buildConfigurations = (
				B601836427BC2008007FD558 /* Debug */,
				B601836527BC2008007FD558 /* Release */,
			);
			defaultConfigurationIsVisible = 0;
			defaultConfigurationName = Release;
		};
		B601836627BC2008007FD558 /* Build configuration list for PBXNativeTarget "DiscountApplicationUITests" */ = {
			isa = XCConfigurationList;
			buildConfigurations = (
				B601836727BC2008007FD558 /* Debug */,
				B601836827BC2008007FD558 /* Release */,
			);
			defaultConfigurationIsVisible = 0;
			defaultConfigurationName = Release;
		};
/* End XCConfigurationList section */
	};
	rootObject = B601832E27BC2005007FD558 /* Project object */;
}
